PODS:
  - flutter_secure_storage_macos (6.1.1):
    - FlutterMacOS
  - FlutterMacOS (1.0.0)

DEPENDENCIES:
  - flutter_secure_storage_macos (from `Flutter/ephemeral/.symlinks/plugins/flutter_secure_storage_macos/macos`)
  - FlutterMacOS (from `Flutter/ephemeral`)

EXTERNAL SOURCES:
  flutter_secure_storage_macos:
    :path: Flutter/ephemeral/.symlinks/plugins/flutter_secure_storage_macos/macos
  FlutterMacOS:
    :path: Flutter/ephemeral

SPEC CHECKSUMS:
  flutter_secure_storage_macos: b2d62a774c23b060f0b99d0173b0b36abb4a8632
  FlutterMacOS: c232990155153907050900a2e175c7773903ba4e

PODFILE CHECKSUM: f0c21717cb7ee9112f915044c74bfceb5b12e02a

COCOAPODS: 1.17.0
